
Microsoft Visual Studio Solution File, Format Version 12.00
# Visual Studio Version 17
VisualStudioVersion = 17.6.33712.159
MinimumVisualStudioVersion = 10.0.40219.1
Project("{2150E333-8FDC-42A3-9474-1A3956D46DE8}") = "application", "application", "{3DAAFFE2-B0DB-4D4C-B320-DC2266397775}"
EndProject
Project("{2150E333-8FDC-42A3-9474-1A3956D46DE8}") = "common", "common", "{BFC2D5A3-D3B3-4BBE-A377-C3458E0503A6}"
EndProject
Project("{2150E333-8FDC-42A3-9474-1A3956D46DE8}") = "framework", "framework", "{B0104F96-3C53-488B-BA6F-E5DF0B729B2E}"
EndProject
Project("{FAE04EC0-301F-11D3-BF4B-00C04F79EFBC}") = "YF.MWS.SQliteService", "YF.MWS.SQliteService\YF.MWS.SQliteService.csproj", "{35A630FB-5F07-4AF2-9AB7-A3008B1EC053}"
EndProject
Project("{FAE04EC0-301F-11D3-BF4B-00C04F79EFBC}") = "YF.MWS.Metadata", "YF.MWS.Metadata\YF.MWS.Metadata.csproj", "{3ED33F32-0A07-46AF-866E-0101A7C2C50D}"
EndProject
Project("{FAE04EC0-301F-11D3-BF4B-00C04F79EFBC}") = "YF.MWS.CacheService", "YF.MWS.CacheService\YF.MWS.CacheService.csproj", "{D2718955-64DE-4D33-8A65-7B25D7C7466C}"
EndProject
Project("{FAE04EC0-301F-11D3-BF4B-00C04F79EFBC}") = "YF.MWS.Util", "YF.MWS.Util\YF.MWS.Util.csproj", "{E44FEF1A-DEEF-4936-862F-A22623AB5A0E}"
EndProject
Project("{FAE04EC0-301F-11D3-BF4B-00C04F79EFBC}") = "YF.MWS.Client.DataService.Interface", "YF.MWS.Client.DataService.Interface\YF.MWS.Client.DataService.Interface.csproj", "{6986F143-1AC2-4D3F-A197-62581A0DFC70}"
EndProject
Project("{FAE04EC0-301F-11D3-BF4B-00C04F79EFBC}") = "YF.MWS.BaseMetadata", "YF.MWS.BaseMetadata\YF.MWS.BaseMetadata.csproj", "{388FD347-FC4A-4AD8-B78D-BA4D94519975}"
EndProject
Project("{2150E333-8FDC-42A3-9474-1A3956D46DE8}") = "cache", "cache", "{9C914EF1-7C0E-435D-91BE-F04D02C99A1B}"
EndProject
Project("{FAE04EC0-301F-11D3-BF4B-00C04F79EFBC}") = "YF.MWS.DbMapping", "YF.MWS.DbMapping\YF.MWS.DbMapping.csproj", "{392E69EC-8D0E-4DA1-B75E-298420E85727}"
EndProject
Project("{FAE04EC0-301F-11D3-BF4B-00C04F79EFBC}") = "YF.MWS.Win", "YF.MWS.Win\YF.MWS.Win.csproj", "{04C189A1-582B-4230-901B-7F982255701E}"
EndProject
Project("{9A19103F-16F7-4668-BE54-9A1E7A4F7556}") = "ESC", "ECS\ESC.csproj", "{673DEF81-7B79-4E17-9D77-BFE3A8AD9747}"
EndProject
Project("{9A19103F-16F7-4668-BE54-9A1E7A4F7556}") = "YF.ESC.SqlSugarServer", "YF.ESC.SqlSugarServer\YF.ESC.SqlSugarServer.csproj", "{BF250A68-BAD0-48A7-8A24-3B6F9813D331}"
EndProject
Project("{9A19103F-16F7-4668-BE54-9A1E7A4F7556}") = "YF.ESC.SqlSugarService.Interface", "YF.ESC.SqlSugarService.Interface\YF.ESC.SqlSugarService.Interface.csproj", "{7C8E7E28-B047-4E49-B05B-05F0186BD0B8}"
EndProject
Project("{9A19103F-16F7-4668-BE54-9A1E7A4F7556}") = "YF.MWS.Models", "YF.MWS.Models\YF.MWS.Models.csproj", "{D4C15952-998B-424E-9776-0BFC1506B990}"
EndProject
Project("{FAE04EC0-301F-11D3-BF4B-00C04F79EFBC}") = "YF.MWS.Db", "YF.MWS.Db\YF.MWS.Db.csproj", "{919C4C21-69AC-4C6F-8B4D-C866BD044B8D}"
EndProject
Project("{FAE04EC0-301F-11D3-BF4B-00C04F79EFBC}") = "test", "test\test.csproj", "{64585A33-6131-471E-BB03-1A3FCEEF3557}"
EndProject
Project("{2150E333-8FDC-42A3-9474-1A3956D46DE8}") = "other", "other", "{21C06A29-2598-4C79-B18F-739657FCB5A9}"
EndProject
Project("{FAE04EC0-301F-11D3-BF4B-00C04F79EFBC}") = "加密狗", "..\加密狗\加密狗.csproj", "{1C901933-0444-4784-84C8-AAC9F35E0FB6}"
EndProject
Project("{2150E333-8FDC-42A3-9474-1A3956D46DE8}") = "解决方案项", "解决方案项", "{D1C642BD-9C5A-4D3D-AAF0-C1BA868B8174}"
EndProject
Project("{FAE04EC0-301F-11D3-BF4B-00C04F79EFBC}") = "YF.MWS.Win.Test", "YF.MWS.Win.Test\YF.MWS.Win.Test.csproj", "{35EB17D1-27F7-47F8-9B4A-D576D2DF7605}"
EndProject
Global
	GlobalSection(SolutionConfigurationPlatforms) = preSolution
		Debug|Any CPU = Debug|Any CPU
		Debug|Mixed Platforms = Debug|Mixed Platforms
		Debug|x86 = Debug|x86
		Release|Any CPU = Release|Any CPU
		Release|Mixed Platforms = Release|Mixed Platforms
		Release|x86 = Release|x86
	EndGlobalSection
	GlobalSection(ProjectConfigurationPlatforms) = postSolution
		{35A630FB-5F07-4AF2-9AB7-A3008B1EC053}.Debug|Any CPU.ActiveCfg = Debug|Any CPU
		{35A630FB-5F07-4AF2-9AB7-A3008B1EC053}.Debug|Any CPU.Build.0 = Debug|Any CPU
		{35A630FB-5F07-4AF2-9AB7-A3008B1EC053}.Debug|Mixed Platforms.ActiveCfg = Debug|Any CPU
		{35A630FB-5F07-4AF2-9AB7-A3008B1EC053}.Debug|Mixed Platforms.Build.0 = Debug|Any CPU
		{35A630FB-5F07-4AF2-9AB7-A3008B1EC053}.Debug|x86.ActiveCfg = Debug|Any CPU
		{35A630FB-5F07-4AF2-9AB7-A3008B1EC053}.Release|Any CPU.ActiveCfg = Release|Any CPU
		{35A630FB-5F07-4AF2-9AB7-A3008B1EC053}.Release|Any CPU.Build.0 = Release|Any CPU
		{35A630FB-5F07-4AF2-9AB7-A3008B1EC053}.Release|Mixed Platforms.ActiveCfg = Release|Any CPU
		{35A630FB-5F07-4AF2-9AB7-A3008B1EC053}.Release|Mixed Platforms.Build.0 = Release|Any CPU
		{35A630FB-5F07-4AF2-9AB7-A3008B1EC053}.Release|x86.ActiveCfg = Release|Any CPU
		{3ED33F32-0A07-46AF-866E-0101A7C2C50D}.Debug|Any CPU.ActiveCfg = Debug|Any CPU
		{3ED33F32-0A07-46AF-866E-0101A7C2C50D}.Debug|Any CPU.Build.0 = Debug|Any CPU
		{3ED33F32-0A07-46AF-866E-0101A7C2C50D}.Debug|Mixed Platforms.ActiveCfg = Debug|Any CPU
		{3ED33F32-0A07-46AF-866E-0101A7C2C50D}.Debug|Mixed Platforms.Build.0 = Debug|Any CPU
		{3ED33F32-0A07-46AF-866E-0101A7C2C50D}.Debug|x86.ActiveCfg = Debug|Any CPU
		{3ED33F32-0A07-46AF-866E-0101A7C2C50D}.Release|Any CPU.ActiveCfg = Release|Any CPU
		{3ED33F32-0A07-46AF-866E-0101A7C2C50D}.Release|Any CPU.Build.0 = Release|Any CPU
		{3ED33F32-0A07-46AF-866E-0101A7C2C50D}.Release|Mixed Platforms.ActiveCfg = Release|Any CPU
		{3ED33F32-0A07-46AF-866E-0101A7C2C50D}.Release|Mixed Platforms.Build.0 = Release|Any CPU
		{3ED33F32-0A07-46AF-866E-0101A7C2C50D}.Release|x86.ActiveCfg = Release|Any CPU
		{D2718955-64DE-4D33-8A65-7B25D7C7466C}.Debug|Any CPU.ActiveCfg = Debug|Any CPU
		{D2718955-64DE-4D33-8A65-7B25D7C7466C}.Debug|Any CPU.Build.0 = Debug|Any CPU
		{D2718955-64DE-4D33-8A65-7B25D7C7466C}.Debug|Mixed Platforms.ActiveCfg = Debug|Any CPU
		{D2718955-64DE-4D33-8A65-7B25D7C7466C}.Debug|Mixed Platforms.Build.0 = Debug|Any CPU
		{D2718955-64DE-4D33-8A65-7B25D7C7466C}.Debug|x86.ActiveCfg = Debug|Any CPU
		{D2718955-64DE-4D33-8A65-7B25D7C7466C}.Release|Any CPU.ActiveCfg = Release|Any CPU
		{D2718955-64DE-4D33-8A65-7B25D7C7466C}.Release|Any CPU.Build.0 = Release|Any CPU
		{D2718955-64DE-4D33-8A65-7B25D7C7466C}.Release|Mixed Platforms.ActiveCfg = Release|Any CPU
		{D2718955-64DE-4D33-8A65-7B25D7C7466C}.Release|Mixed Platforms.Build.0 = Release|Any CPU
		{D2718955-64DE-4D33-8A65-7B25D7C7466C}.Release|x86.ActiveCfg = Release|Any CPU
		{E44FEF1A-DEEF-4936-862F-A22623AB5A0E}.Debug|Any CPU.ActiveCfg = Debug|Any CPU
		{E44FEF1A-DEEF-4936-862F-A22623AB5A0E}.Debug|Any CPU.Build.0 = Debug|Any CPU
		{E44FEF1A-DEEF-4936-862F-A22623AB5A0E}.Debug|Mixed Platforms.ActiveCfg = Debug|Any CPU
		{E44FEF1A-DEEF-4936-862F-A22623AB5A0E}.Debug|Mixed Platforms.Build.0 = Debug|Any CPU
		{E44FEF1A-DEEF-4936-862F-A22623AB5A0E}.Debug|x86.ActiveCfg = Debug|Any CPU
		{E44FEF1A-DEEF-4936-862F-A22623AB5A0E}.Release|Any CPU.ActiveCfg = Release|Any CPU
		{E44FEF1A-DEEF-4936-862F-A22623AB5A0E}.Release|Any CPU.Build.0 = Release|Any CPU
		{E44FEF1A-DEEF-4936-862F-A22623AB5A0E}.Release|Mixed Platforms.ActiveCfg = Release|Any CPU
		{E44FEF1A-DEEF-4936-862F-A22623AB5A0E}.Release|Mixed Platforms.Build.0 = Release|Any CPU
		{E44FEF1A-DEEF-4936-862F-A22623AB5A0E}.Release|x86.ActiveCfg = Release|Any CPU
		{6986F143-1AC2-4D3F-A197-62581A0DFC70}.Debug|Any CPU.ActiveCfg = Debug|Any CPU
		{6986F143-1AC2-4D3F-A197-62581A0DFC70}.Debug|Any CPU.Build.0 = Debug|Any CPU
		{6986F143-1AC2-4D3F-A197-62581A0DFC70}.Debug|Mixed Platforms.ActiveCfg = Debug|Any CPU
		{6986F143-1AC2-4D3F-A197-62581A0DFC70}.Debug|Mixed Platforms.Build.0 = Debug|Any CPU
		{6986F143-1AC2-4D3F-A197-62581A0DFC70}.Debug|x86.ActiveCfg = Debug|Any CPU
		{6986F143-1AC2-4D3F-A197-62581A0DFC70}.Release|Any CPU.ActiveCfg = Release|Any CPU
		{6986F143-1AC2-4D3F-A197-62581A0DFC70}.Release|Any CPU.Build.0 = Release|Any CPU
		{6986F143-1AC2-4D3F-A197-62581A0DFC70}.Release|Mixed Platforms.ActiveCfg = Release|Any CPU
		{6986F143-1AC2-4D3F-A197-62581A0DFC70}.Release|Mixed Platforms.Build.0 = Release|Any CPU
		{6986F143-1AC2-4D3F-A197-62581A0DFC70}.Release|x86.ActiveCfg = Release|Any CPU
		{388FD347-FC4A-4AD8-B78D-BA4D94519975}.Debug|Any CPU.ActiveCfg = Debug|Any CPU
		{388FD347-FC4A-4AD8-B78D-BA4D94519975}.Debug|Any CPU.Build.0 = Debug|Any CPU
		{388FD347-FC4A-4AD8-B78D-BA4D94519975}.Debug|Mixed Platforms.ActiveCfg = Debug|Any CPU
		{388FD347-FC4A-4AD8-B78D-BA4D94519975}.Debug|Mixed Platforms.Build.0 = Debug|Any CPU
		{388FD347-FC4A-4AD8-B78D-BA4D94519975}.Debug|x86.ActiveCfg = Debug|Any CPU
		{388FD347-FC4A-4AD8-B78D-BA4D94519975}.Release|Any CPU.ActiveCfg = Release|Any CPU
		{388FD347-FC4A-4AD8-B78D-BA4D94519975}.Release|Any CPU.Build.0 = Release|Any CPU
		{388FD347-FC4A-4AD8-B78D-BA4D94519975}.Release|Mixed Platforms.ActiveCfg = Release|Any CPU
		{388FD347-FC4A-4AD8-B78D-BA4D94519975}.Release|Mixed Platforms.Build.0 = Release|Any CPU
		{388FD347-FC4A-4AD8-B78D-BA4D94519975}.Release|x86.ActiveCfg = Release|Any CPU
		{392E69EC-8D0E-4DA1-B75E-298420E85727}.Debug|Any CPU.ActiveCfg = Debug|Any CPU
		{392E69EC-8D0E-4DA1-B75E-298420E85727}.Debug|Any CPU.Build.0 = Debug|Any CPU
		{392E69EC-8D0E-4DA1-B75E-298420E85727}.Debug|Mixed Platforms.ActiveCfg = Debug|Any CPU
		{392E69EC-8D0E-4DA1-B75E-298420E85727}.Debug|Mixed Platforms.Build.0 = Debug|Any CPU
		{392E69EC-8D0E-4DA1-B75E-298420E85727}.Debug|x86.ActiveCfg = Debug|Any CPU
		{392E69EC-8D0E-4DA1-B75E-298420E85727}.Debug|x86.Build.0 = Debug|Any CPU
		{392E69EC-8D0E-4DA1-B75E-298420E85727}.Release|Any CPU.ActiveCfg = Release|Any CPU
		{392E69EC-8D0E-4DA1-B75E-298420E85727}.Release|Any CPU.Build.0 = Release|Any CPU
		{392E69EC-8D0E-4DA1-B75E-298420E85727}.Release|Mixed Platforms.ActiveCfg = Release|Any CPU
		{392E69EC-8D0E-4DA1-B75E-298420E85727}.Release|Mixed Platforms.Build.0 = Release|Any CPU
		{392E69EC-8D0E-4DA1-B75E-298420E85727}.Release|x86.ActiveCfg = Release|Any CPU
		{392E69EC-8D0E-4DA1-B75E-298420E85727}.Release|x86.Build.0 = Release|Any CPU
		{04C189A1-582B-4230-901B-7F982255701E}.Debug|Any CPU.ActiveCfg = Debug|x86
		{04C189A1-582B-4230-901B-7F982255701E}.Debug|Any CPU.Build.0 = Debug|x86
		{04C189A1-582B-4230-901B-7F982255701E}.Debug|Mixed Platforms.ActiveCfg = Debug|x86
		{04C189A1-582B-4230-901B-7F982255701E}.Debug|Mixed Platforms.Build.0 = Debug|x86
		{04C189A1-582B-4230-901B-7F982255701E}.Debug|x86.ActiveCfg = Debug|x86
		{04C189A1-582B-4230-901B-7F982255701E}.Debug|x86.Build.0 = Debug|x86
		{04C189A1-582B-4230-901B-7F982255701E}.Release|Any CPU.ActiveCfg = Release|x86
		{04C189A1-582B-4230-901B-7F982255701E}.Release|Any CPU.Build.0 = Release|x86
		{04C189A1-582B-4230-901B-7F982255701E}.Release|Mixed Platforms.ActiveCfg = Release|x86
		{04C189A1-582B-4230-901B-7F982255701E}.Release|Mixed Platforms.Build.0 = Release|x86
		{04C189A1-582B-4230-901B-7F982255701E}.Release|x86.ActiveCfg = Release|x86
		{04C189A1-582B-4230-901B-7F982255701E}.Release|x86.Build.0 = Release|x86
		{673DEF81-7B79-4E17-9D77-BFE3A8AD9747}.Debug|Any CPU.ActiveCfg = Debug|Any CPU
		{673DEF81-7B79-4E17-9D77-BFE3A8AD9747}.Debug|Any CPU.Build.0 = Debug|Any CPU
		{673DEF81-7B79-4E17-9D77-BFE3A8AD9747}.Debug|Mixed Platforms.ActiveCfg = Debug|Any CPU
		{673DEF81-7B79-4E17-9D77-BFE3A8AD9747}.Debug|Mixed Platforms.Build.0 = Debug|Any CPU
		{673DEF81-7B79-4E17-9D77-BFE3A8AD9747}.Debug|x86.ActiveCfg = Debug|Any CPU
		{673DEF81-7B79-4E17-9D77-BFE3A8AD9747}.Debug|x86.Build.0 = Debug|Any CPU
		{673DEF81-7B79-4E17-9D77-BFE3A8AD9747}.Release|Any CPU.ActiveCfg = Release|Any CPU
		{673DEF81-7B79-4E17-9D77-BFE3A8AD9747}.Release|Any CPU.Build.0 = Release|Any CPU
		{673DEF81-7B79-4E17-9D77-BFE3A8AD9747}.Release|Mixed Platforms.ActiveCfg = Release|Any CPU
		{673DEF81-7B79-4E17-9D77-BFE3A8AD9747}.Release|Mixed Platforms.Build.0 = Release|Any CPU
		{673DEF81-7B79-4E17-9D77-BFE3A8AD9747}.Release|x86.ActiveCfg = Release|Any CPU
		{673DEF81-7B79-4E17-9D77-BFE3A8AD9747}.Release|x86.Build.0 = Release|Any CPU
		{BF250A68-BAD0-48A7-8A24-3B6F9813D331}.Debug|Any CPU.ActiveCfg = Debug|Any CPU
		{BF250A68-BAD0-48A7-8A24-3B6F9813D331}.Debug|Any CPU.Build.0 = Debug|Any CPU
		{BF250A68-BAD0-48A7-8A24-3B6F9813D331}.Debug|Mixed Platforms.ActiveCfg = Debug|Any CPU
		{BF250A68-BAD0-48A7-8A24-3B6F9813D331}.Debug|Mixed Platforms.Build.0 = Debug|Any CPU
		{BF250A68-BAD0-48A7-8A24-3B6F9813D331}.Debug|x86.ActiveCfg = Debug|Any CPU
		{BF250A68-BAD0-48A7-8A24-3B6F9813D331}.Debug|x86.Build.0 = Debug|Any CPU
		{BF250A68-BAD0-48A7-8A24-3B6F9813D331}.Release|Any CPU.ActiveCfg = Release|Any CPU
		{BF250A68-BAD0-48A7-8A24-3B6F9813D331}.Release|Any CPU.Build.0 = Release|Any CPU
		{BF250A68-BAD0-48A7-8A24-3B6F9813D331}.Release|Mixed Platforms.ActiveCfg = Release|Any CPU
		{BF250A68-BAD0-48A7-8A24-3B6F9813D331}.Release|Mixed Platforms.Build.0 = Release|Any CPU
		{BF250A68-BAD0-48A7-8A24-3B6F9813D331}.Release|x86.ActiveCfg = Release|Any CPU
		{BF250A68-BAD0-48A7-8A24-3B6F9813D331}.Release|x86.Build.0 = Release|Any CPU
		{7C8E7E28-B047-4E49-B05B-05F0186BD0B8}.Debug|Any CPU.ActiveCfg = Debug|Any CPU
		{7C8E7E28-B047-4E49-B05B-05F0186BD0B8}.Debug|Any CPU.Build.0 = Debug|Any CPU
		{7C8E7E28-B047-4E49-B05B-05F0186BD0B8}.Debug|Mixed Platforms.ActiveCfg = Debug|Any CPU
		{7C8E7E28-B047-4E49-B05B-05F0186BD0B8}.Debug|Mixed Platforms.Build.0 = Debug|Any CPU
		{7C8E7E28-B047-4E49-B05B-05F0186BD0B8}.Debug|x86.ActiveCfg = Debug|Any CPU
		{7C8E7E28-B047-4E49-B05B-05F0186BD0B8}.Debug|x86.Build.0 = Debug|Any CPU
		{7C8E7E28-B047-4E49-B05B-05F0186BD0B8}.Release|Any CPU.ActiveCfg = Release|Any CPU
		{7C8E7E28-B047-4E49-B05B-05F0186BD0B8}.Release|Any CPU.Build.0 = Release|Any CPU
		{7C8E7E28-B047-4E49-B05B-05F0186BD0B8}.Release|Mixed Platforms.ActiveCfg = Release|Any CPU
		{7C8E7E28-B047-4E49-B05B-05F0186BD0B8}.Release|Mixed Platforms.Build.0 = Release|Any CPU
		{7C8E7E28-B047-4E49-B05B-05F0186BD0B8}.Release|x86.ActiveCfg = Release|Any CPU
		{7C8E7E28-B047-4E49-B05B-05F0186BD0B8}.Release|x86.Build.0 = Release|Any CPU
		{D4C15952-998B-424E-9776-0BFC1506B990}.Debug|Any CPU.ActiveCfg = Debug|Any CPU
		{D4C15952-998B-424E-9776-0BFC1506B990}.Debug|Any CPU.Build.0 = Debug|Any CPU
		{D4C15952-998B-424E-9776-0BFC1506B990}.Debug|Mixed Platforms.ActiveCfg = Debug|Any CPU
		{D4C15952-998B-424E-9776-0BFC1506B990}.Debug|Mixed Platforms.Build.0 = Debug|Any CPU
		{D4C15952-998B-424E-9776-0BFC1506B990}.Debug|x86.ActiveCfg = Debug|Any CPU
		{D4C15952-998B-424E-9776-0BFC1506B990}.Debug|x86.Build.0 = Debug|Any CPU
		{D4C15952-998B-424E-9776-0BFC1506B990}.Release|Any CPU.ActiveCfg = Release|Any CPU
		{D4C15952-998B-424E-9776-0BFC1506B990}.Release|Any CPU.Build.0 = Release|Any CPU
		{D4C15952-998B-424E-9776-0BFC1506B990}.Release|Mixed Platforms.ActiveCfg = Release|Any CPU
		{D4C15952-998B-424E-9776-0BFC1506B990}.Release|Mixed Platforms.Build.0 = Release|Any CPU
		{D4C15952-998B-424E-9776-0BFC1506B990}.Release|x86.ActiveCfg = Release|Any CPU
		{D4C15952-998B-424E-9776-0BFC1506B990}.Release|x86.Build.0 = Release|Any CPU
		{919C4C21-69AC-4C6F-8B4D-C866BD044B8D}.Debug|Any CPU.ActiveCfg = Debug|Any CPU
		{919C4C21-69AC-4C6F-8B4D-C866BD044B8D}.Debug|Any CPU.Build.0 = Debug|Any CPU
		{919C4C21-69AC-4C6F-8B4D-C866BD044B8D}.Debug|Mixed Platforms.ActiveCfg = Debug|Any CPU
		{919C4C21-69AC-4C6F-8B4D-C866BD044B8D}.Debug|Mixed Platforms.Build.0 = Debug|Any CPU
		{919C4C21-69AC-4C6F-8B4D-C866BD044B8D}.Debug|x86.ActiveCfg = Debug|Any CPU
		{919C4C21-69AC-4C6F-8B4D-C866BD044B8D}.Debug|x86.Build.0 = Debug|Any CPU
		{919C4C21-69AC-4C6F-8B4D-C866BD044B8D}.Release|Any CPU.ActiveCfg = Release|Any CPU
		{919C4C21-69AC-4C6F-8B4D-C866BD044B8D}.Release|Any CPU.Build.0 = Release|Any CPU
		{919C4C21-69AC-4C6F-8B4D-C866BD044B8D}.Release|Mixed Platforms.ActiveCfg = Release|Any CPU
		{919C4C21-69AC-4C6F-8B4D-C866BD044B8D}.Release|Mixed Platforms.Build.0 = Release|Any CPU
		{919C4C21-69AC-4C6F-8B4D-C866BD044B8D}.Release|x86.ActiveCfg = Release|Any CPU
		{919C4C21-69AC-4C6F-8B4D-C866BD044B8D}.Release|x86.Build.0 = Release|Any CPU
		{64585A33-6131-471E-BB03-1A3FCEEF3557}.Debug|Any CPU.ActiveCfg = Debug|Any CPU
		{64585A33-6131-471E-BB03-1A3FCEEF3557}.Debug|Any CPU.Build.0 = Debug|Any CPU
		{64585A33-6131-471E-BB03-1A3FCEEF3557}.Debug|Mixed Platforms.ActiveCfg = Debug|Any CPU
		{64585A33-6131-471E-BB03-1A3FCEEF3557}.Debug|Mixed Platforms.Build.0 = Debug|Any CPU
		{64585A33-6131-471E-BB03-1A3FCEEF3557}.Debug|x86.ActiveCfg = Debug|Any CPU
		{64585A33-6131-471E-BB03-1A3FCEEF3557}.Debug|x86.Build.0 = Debug|Any CPU
		{64585A33-6131-471E-BB03-1A3FCEEF3557}.Release|Any CPU.ActiveCfg = Release|Any CPU
		{64585A33-6131-471E-BB03-1A3FCEEF3557}.Release|Any CPU.Build.0 = Release|Any CPU
		{64585A33-6131-471E-BB03-1A3FCEEF3557}.Release|Mixed Platforms.ActiveCfg = Release|Any CPU
		{64585A33-6131-471E-BB03-1A3FCEEF3557}.Release|Mixed Platforms.Build.0 = Release|Any CPU
		{64585A33-6131-471E-BB03-1A3FCEEF3557}.Release|x86.ActiveCfg = Release|Any CPU
		{64585A33-6131-471E-BB03-1A3FCEEF3557}.Release|x86.Build.0 = Release|Any CPU
		{1C901933-0444-4784-84C8-AAC9F35E0FB6}.Debug|Any CPU.ActiveCfg = Debug|Any CPU
		{1C901933-0444-4784-84C8-AAC9F35E0FB6}.Debug|Any CPU.Build.0 = Debug|Any CPU
		{1C901933-0444-4784-84C8-AAC9F35E0FB6}.Debug|Mixed Platforms.ActiveCfg = Debug|Any CPU
		{1C901933-0444-4784-84C8-AAC9F35E0FB6}.Debug|Mixed Platforms.Build.0 = Debug|Any CPU
		{1C901933-0444-4784-84C8-AAC9F35E0FB6}.Debug|x86.ActiveCfg = Debug|Any CPU
		{1C901933-0444-4784-84C8-AAC9F35E0FB6}.Debug|x86.Build.0 = Debug|Any CPU
		{1C901933-0444-4784-84C8-AAC9F35E0FB6}.Release|Any CPU.ActiveCfg = Release|Any CPU
		{1C901933-0444-4784-84C8-AAC9F35E0FB6}.Release|Any CPU.Build.0 = Release|Any CPU
		{1C901933-0444-4784-84C8-AAC9F35E0FB6}.Release|Mixed Platforms.ActiveCfg = Release|Any CPU
		{1C901933-0444-4784-84C8-AAC9F35E0FB6}.Release|Mixed Platforms.Build.0 = Release|Any CPU
		{1C901933-0444-4784-84C8-AAC9F35E0FB6}.Release|x86.ActiveCfg = Release|Any CPU
		{1C901933-0444-4784-84C8-AAC9F35E0FB6}.Release|x86.Build.0 = Release|Any CPU
		{35EB17D1-27F7-47F8-9B4A-D576D2DF7605}.Debug|Any CPU.ActiveCfg = Debug|Any CPU
		{35EB17D1-27F7-47F8-9B4A-D576D2DF7605}.Debug|Any CPU.Build.0 = Debug|Any CPU
		{35EB17D1-27F7-47F8-9B4A-D576D2DF7605}.Debug|Mixed Platforms.ActiveCfg = Debug|Any CPU
		{35EB17D1-27F7-47F8-9B4A-D576D2DF7605}.Debug|Mixed Platforms.Build.0 = Debug|Any CPU
		{35EB17D1-27F7-47F8-9B4A-D576D2DF7605}.Debug|x86.ActiveCfg = Debug|Any CPU
		{35EB17D1-27F7-47F8-9B4A-D576D2DF7605}.Debug|x86.Build.0 = Debug|Any CPU
		{35EB17D1-27F7-47F8-9B4A-D576D2DF7605}.Release|Any CPU.ActiveCfg = Release|Any CPU
		{35EB17D1-27F7-47F8-9B4A-D576D2DF7605}.Release|Any CPU.Build.0 = Release|Any CPU
		{35EB17D1-27F7-47F8-9B4A-D576D2DF7605}.Release|Mixed Platforms.ActiveCfg = Release|Any CPU
		{35EB17D1-27F7-47F8-9B4A-D576D2DF7605}.Release|Mixed Platforms.Build.0 = Release|Any CPU
		{35EB17D1-27F7-47F8-9B4A-D576D2DF7605}.Release|x86.ActiveCfg = Release|Any CPU
		{35EB17D1-27F7-47F8-9B4A-D576D2DF7605}.Release|x86.Build.0 = Release|Any CPU
	EndGlobalSection
	GlobalSection(SolutionProperties) = preSolution
		HideSolutionNode = FALSE
	EndGlobalSection
	GlobalSection(NestedProjects) = preSolution
		{35A630FB-5F07-4AF2-9AB7-A3008B1EC053} = {B0104F96-3C53-488B-BA6F-E5DF0B729B2E}
		{3ED33F32-0A07-46AF-866E-0101A7C2C50D} = {BFC2D5A3-D3B3-4BBE-A377-C3458E0503A6}
		{D2718955-64DE-4D33-8A65-7B25D7C7466C} = {9C914EF1-7C0E-435D-91BE-F04D02C99A1B}
		{E44FEF1A-DEEF-4936-862F-A22623AB5A0E} = {BFC2D5A3-D3B3-4BBE-A377-C3458E0503A6}
		{6986F143-1AC2-4D3F-A197-62581A0DFC70} = {B0104F96-3C53-488B-BA6F-E5DF0B729B2E}
		{388FD347-FC4A-4AD8-B78D-BA4D94519975} = {BFC2D5A3-D3B3-4BBE-A377-C3458E0503A6}
		{392E69EC-8D0E-4DA1-B75E-298420E85727} = {BFC2D5A3-D3B3-4BBE-A377-C3458E0503A6}
		{04C189A1-582B-4230-901B-7F982255701E} = {3DAAFFE2-B0DB-4D4C-B320-DC2266397775}
		{673DEF81-7B79-4E17-9D77-BFE3A8AD9747} = {3DAAFFE2-B0DB-4D4C-B320-DC2266397775}
		{BF250A68-BAD0-48A7-8A24-3B6F9813D331} = {B0104F96-3C53-488B-BA6F-E5DF0B729B2E}
		{7C8E7E28-B047-4E49-B05B-05F0186BD0B8} = {B0104F96-3C53-488B-BA6F-E5DF0B729B2E}
		{D4C15952-998B-424E-9776-0BFC1506B990} = {BFC2D5A3-D3B3-4BBE-A377-C3458E0503A6}
		{919C4C21-69AC-4C6F-8B4D-C866BD044B8D} = {BFC2D5A3-D3B3-4BBE-A377-C3458E0503A6}
		{64585A33-6131-471E-BB03-1A3FCEEF3557} = {21C06A29-2598-4C79-B18F-739657FCB5A9}
		{1C901933-0444-4784-84C8-AAC9F35E0FB6} = {21C06A29-2598-4C79-B18F-739657FCB5A9}
		{35EB17D1-27F7-47F8-9B4A-D576D2DF7605} = {21C06A29-2598-4C79-B18F-739657FCB5A9}
	EndGlobalSection
	GlobalSection(ExtensibilityGlobals) = postSolution
		SolutionGuid = {99A31E79-9EC7-4201-BD97-4499C276D6F0}
	EndGlobalSection
	GlobalSection(SubversionScc) = preSolution
		Svn-Managed = True
		Manager = AnkhSVN - Subversion Support for Visual Studio
	EndGlobalSection
EndGlobal
